// !$*UTF8*$!
{
	archiveVersion = 1;
	classes = {
	};
	objectVersion = 48;
	objects = {

/* Begin PBXBuildFile section */
		CA629C212011863F00502D22 /* AppDelegate.m in Sources */ = {isa = PBXBuildFile; fileRef = CA629C202011863F00502D22 /* AppDelegate.m */; };
		CA629C242011863F00502D22 /* ViewController.m in Sources */ = {isa = PBXBuildFile; fileRef = CA629C232011863F00502D22 /* ViewController.m */; };
		CA629C262011863F00502D22 /* Assets.xcassets in Resources */ = {isa = PBXBuildFile; fileRef = CA629C252011863F00502D22 /* Assets.xcassets */; };
		CA629C292011863F00502D22 /* Main.storyboard in Resources */ = {isa = PBXBuildFile; fileRef = CA629C272011863F00502D22 /* Main.storyboard */; };
		CA629C2C2011863F00502D22 /* main.m in Sources */ = {isa = PBXBuildFile; fileRef = CA629C2B2011863F00502D22 /* main.m */; };
		CAF26E7A20180B1C009C8F91 /* AudioController.m in Sources */ = {isa = PBXBuildFile; fileRef = CAF26E7920180B1C009C8F91 /* AudioController.m */; };
		CAF26FDD2019A50F009C8F91 /* KDBass.aupreset in Resources */ = {isa = PBXBuildFile; fileRef = CAF26FB22019A50F009C8F91 /* KDBass.aupreset */; };
		CAF26FDE2019A50F009C8F91 /* KDBass_a2.caf in Resources */ = {isa = PBXBuildFile; fileRef = CAF26FB32019A50F009C8F91 /* KDBass_a2.caf */; };
		CAF26FDF2019A50F009C8F91 /* KDBass_c2.caf in Resources */ = {isa = PBXBuildFile; fileRef = CAF26FB42019A50F009C8F91 /* KDBass_c2.caf */; };
		CAF26FE02019A50F009C8F91 /* KDBass_c3.caf in Resources */ = {isa = PBXBuildFile; fileRef = CAF26FB52019A50F009C8F91 /* KDBass_c3.caf */; };
		CAF26FE12019A50F009C8F91 /* KDBass_e1.caf in Resources */ = {isa = PBXBuildFile; fileRef = CAF26FB62019A50F009C8F91 /* KDBass_e1.caf */; };
		CAF26FE22019A50F009C8F91 /* KDBass_f2.caf in Resources */ = {isa = PBXBuildFile; fileRef = CAF26FB72019A50F009C8F91 /* KDBass_f2.caf */; };
		CAF26FE32019A50F009C8F91 /* KDBass_g1.caf in Resources */ = {isa = PBXBuildFile; fileRef = CAF26FB82019A50F009C8F91 /* KDBass_g1.caf */; };
		CAF26FE42019A50F009C8F91 /* drum_hihat.caf in Resources */ = {isa = PBXBuildFile; fileRef = CAF26FBA2019A50F009C8F91 /* drum_hihat.caf */; };
		CAF26FE52019A50F009C8F91 /* drum_kick.caf in Resources */ = {isa = PBXBuildFile; fileRef = CAF26FBB2019A50F009C8F91 /* drum_kick.caf */; };
		CAF26FE62019A50F009C8F91 /* drum_sim.caf in Resources */ = {isa = PBXBuildFile; fileRef = CAF26FBC2019A50F009C8F91 /* drum_sim.caf */; };
		CAF26FE72019A50F009C8F91 /* drum_snare1.caf in Resources */ = {isa = PBXBuildFile; fileRef = CAF26FBD2019A50F009C8F91 /* drum_snare1.caf */; };
		CAF26FE82019A50F009C8F91 /* drum_snare2.caf in Resources */ = {isa = PBXBuildFile; fileRef = CAF26FBE2019A50F009C8F91 /* drum_snare2.caf */; };
		CAF26FE92019A50F009C8F91 /* KDDrum.aupreset in Resources */ = {isa = PBXBuildFile; fileRef = CAF26FBF2019A50F009C8F91 /* KDDrum.aupreset */; };
		CAF26FEA2019A50F009C8F91 /* 1a#.caf in Resources */ = {isa = PBXBuildFile; fileRef = CAF26FC12019A50F009C8F91 /* 1a#.caf */; };
		CAF26FEB2019A50F009C8F91 /* 2a#.caf in Resources */ = {isa = PBXBuildFile; fileRef = CAF26FC22019A50F009C8F91 /* 2a#.caf */; };
		CAF26FEC2019A50F009C8F91 /* 3a#.caf in Resources */ = {isa = PBXBuildFile; fileRef = CAF26FC32019A50F009C8F91 /* 3a#.caf */; };
		CAF26FED2019A50F009C8F91 /* 4g.caf in Resources */ = {isa = PBXBuildFile; fileRef = CAF26FC42019A50F009C8F91 /* 4g.caf */; };
		CAF26FEE2019A50F009C8F91 /* 5e.caf in Resources */ = {isa = PBXBuildFile; fileRef = CAF26FC52019A50F009C8F91 /* 5e.caf */; };
		CAF26FEF2019A50F009C8F91 /* KDPiano.aupreset in Resources */ = {isa = PBXBuildFile; fileRef = CAF26FC62019A50F009C8F91 /* KDPiano.aupreset */; };
		CAF26FF02019A50F009C8F91 /* KDString.aupreset in Resources */ = {isa = PBXBuildFile; fileRef = CAF26FC82019A50F009C8F91 /* KDString.aupreset */; };
		CAF26FF12019A50F009C8F91 /* string_c2.caf in Resources */ = {isa = PBXBuildFile; fileRef = CAF26FC92019A50F009C8F91 /* string_c2.caf */; };
		CAF26FF22019A50F009C8F91 /* string_c3.caf in Resources */ = {isa = PBXBuildFile; fileRef = CAF26FCA2019A50F009C8F91 /* string_c3.caf */; };
		CAF26FF32019A50F009C8F91 /* string_c4.caf in Resources */ = {isa = PBXBuildFile; fileRef = CAF26FCB2019A50F009C8F91 /* string_c4.caf */; };
		CAF26FF42019A50F009C8F91 /* string_g2.caf in Resources */ = {isa = PBXBuildFile; fileRef = CAF26FCC2019A50F009C8F91 /* string_g2.caf */; };
		CAF26FF52019A50F009C8F91 /* string_g3.caf in Resources */ = {isa = PBXBuildFile; fileRef = CAF26FCD2019A50F009C8F91 /* string_g3.caf */; };
		CAF26FF62019A50F009C8F91 /* string_g4.caf in Resources */ = {isa = PBXBuildFile; fileRef = CAF26FCE2019A50F009C8F91 /* string_g4.caf */; };
		CAF26FF72019A50F009C8F91 /* KDTrumpet.aupreset in Resources */ = {isa = PBXBuildFile; fileRef = CAF26FD02019A50F009C8F91 /* KDTrumpet.aupreset */; };
		CAF26FF82019A50F009C8F91 /* KDTrumpet_b2.caf in Resources */ = {isa = PBXBuildFile; fileRef = CAF26FD12019A50F009C8F91 /* KDTrumpet_b2.caf */; };
		CAF26FF92019A50F009C8F91 /* KDTrumpet_b3.caf in Resources */ = {isa = PBXBuildFile; fileRef = CAF26FD22019A50F009C8F91 /* KDTrumpet_b3.caf */; };
		CAF26FFA2019A50F009C8F91 /* KDTrumpet_d3.caf in Resources */ = {isa = PBXBuildFile; fileRef = CAF26FD32019A50F009C8F91 /* KDTrumpet_d3.caf */; };
		CAF26FFB2019A50F009C8F91 /* KDTrumpet_d4.caf in Resources */ = {isa = PBXBuildFile; fileRef = CAF26FD42019A50F009C8F91 /* KDTrumpet_d4.caf */; };
		CAF26FFC2019A50F009C8F91 /* KDTrumpet_g3.caf in Resources */ = {isa = PBXBuildFile; fileRef = CAF26FD52019A50F009C8F91 /* KDTrumpet_g3.caf */; };
		CAF26FFD2019A50F009C8F91 /* KDTrumpet_g4.caf in Resources */ = {isa = PBXBuildFile; fileRef = CAF26FD62019A50F009C8F91 /* KDTrumpet_g4.caf */; };
		CAF26FFE2019A50F009C8F91 /* KDTuba.aupreset in Resources */ = {isa = PBXBuildFile; fileRef = CAF26FD82019A50F009C8F91 /* KDTuba.aupreset */; };
		CAF26FFF2019A50F009C8F91 /* Tuba_c3.caf in Resources */ = {isa = PBXBuildFile; fileRef = CAF26FD92019A50F009C8F91 /* Tuba_c3.caf */; };
		CAF270002019A50F009C8F91 /* Tuba_d2.caf in Resources */ = {isa = PBXBuildFile; fileRef = CAF26FDA2019A50F009C8F91 /* Tuba_d2.caf */; };
		CAF270012019A50F009C8F91 /* Tuba_f2.caf in Resources */ = {isa = PBXBuildFile; fileRef = CAF26FDB2019A50F009C8F91 /* Tuba_f2.caf */; };
		CAF270022019A50F009C8F91 /* Tuba_g1.caf in Resources */ = {isa = PBXBuildFile; fileRef = CAF26FDC2019A50F009C8F91 /* Tuba_g1.caf */; };
		CAF270042019AAED009C8F91 /* KWAudioUnit.framework in Frameworks */ = {isa = PBXBuildFile; fileRef = CAF270032019AAED009C8F91 /* KWAudioUnit.framework */; };
		CAF270062019AB57009C8F91 /* KWAudioUnit.framework in Embed Frameworks */ = {isa = PBXBuildFile; fileRef = CAF270032019AAED009C8F91 /* KWAudioUnit.framework */; settings = {ATTRIBUTES = (CodeSignOnCopy, RemoveHeadersOnCopy, ); }; };
		CAF2700A2019C890009C8F91 /* KWMidiDeviceManager.m in Sources */ = {isa = PBXBuildFile; fileRef = CAF270092019C890009C8F91 /* KWMidiDeviceManager.m */; };
		CAF2700D201AF143009C8F91 /* KWMidiDevice.m in Sources */ = {isa = PBXBuildFile; fileRef = CAF2700C201AF143009C8F91 /* KWMidiDevice.m */; };
		CAF27010201B19A0009C8F91 /* MidiDeviceController.m in Sources */ = {isa = PBXBuildFile; fileRef = CAF2700F201B19A0009C8F91 /* MidiDeviceController.m */; };
/* End PBXBuildFile section */

/* Begin PBXCopyFilesBuildPhase section */
		CAF26FAF2019A466009C8F91 /* Embed Frameworks */ = {
			isa = PBXCopyFilesBuildPhase;
			buildActionMask = 2147483647;
			dstPath = "";
			dstSubfolderSpec = 10;
			files = (
				CAF270062019AB57009C8F91 /* KWAudioUnit.framework in Embed Frameworks */,
			);
			name = "Embed Frameworks";
			runOnlyForDeploymentPostprocessing = 0;
		};
/* End PBXCopyFilesBuildPhase section */

/* Begin PBXFileReference section */
		54A1C74EACCAB33C7105D3A7 /* Pods-TestSampler.release.xcconfig */ = {isa = PBXFileReference; includeInIndex = 1; lastKnownFileType = text.xcconfig; name = "Pods-TestSampler.release.xcconfig"; path = "Pods/Target Support Files/Pods-TestSampler/Pods-TestSampler.release.xcconfig"; sourceTree = "<group>"; };
		CA629C1C2011863F00502D22 /* TestSampler.app */ = {isa = PBXFileReference; explicitFileType = wrapper.application; includeInIndex = 0; path = TestSampler.app; sourceTree = BUILT_PRODUCTS_DIR; };
		CA629C1F2011863F00502D22 /* AppDelegate.h */ = {isa = PBXFileReference; lastKnownFileType = sourcecode.c.h; path = AppDelegate.h; sourceTree = "<group>"; };
		CA629C202011863F00502D22 /* AppDelegate.m */ = {isa = PBXFileReference; lastKnownFileType = sourcecode.c.objc; path = AppDelegate.m; sourceTree = "<group>"; };
		CA629C222011863F00502D22 /* ViewController.h */ = {isa = PBXFileReference; lastKnownFileType = sourcecode.c.h; path = ViewController.h; sourceTree = "<group>"; };
		CA629C232011863F00502D22 /* ViewController.m */ = {isa = PBXFileReference; lastKnownFileType = sourcecode.c.objc; path = ViewController.m; sourceTree = "<group>"; };
		CA629C252011863F00502D22 /* Assets.xcassets */ = {isa = PBXFileReference; lastKnownFileType = folder.assetcatalog; path = Assets.xcassets; sourceTree = "<group>"; };
		CA629C282011863F00502D22 /* Base */ = {isa = PBXFileReference; lastKnownFileType = file.storyboard; name = Base; path = Base.lproj/Main.storyboard; sourceTree = "<group>"; };
		CA629C2A2011863F00502D22 /* Info.plist */ = {isa = PBXFileReference; lastKnownFileType = text.plist.xml; path = Info.plist; sourceTree = "<group>"; };
		CA629C2B2011863F00502D22 /* main.m */ = {isa = PBXFileReference; lastKnownFileType = sourcecode.c.objc; path = main.m; sourceTree = "<group>"; };
		CA629C2D2011863F00502D22 /* TestSampler.entitlements */ = {isa = PBXFileReference; lastKnownFileType = text.plist.entitlements; path = TestSampler.entitlements; sourceTree = "<group>"; };
		CAF26E7820180B1C009C8F91 /* AudioController.h */ = {isa = PBXFileReference; lastKnownFileType = sourcecode.c.h; path = AudioController.h; sourceTree = "<group>"; };
		CAF26E7920180B1C009C8F91 /* AudioController.m */ = {isa = PBXFileReference; lastKnownFileType = sourcecode.c.objc; path = AudioController.m; sourceTree = "<group>"; };
		CAF26FB22019A50F009C8F91 /* KDBass.aupreset */ = {isa = PBXFileReference; fileEncoding = 4; lastKnownFileType = text.xml; path = KDBass.aupreset; sourceTree = "<group>"; };
		CAF26FB32019A50F009C8F91 /* KDBass_a2.caf */ = {isa = PBXFileReference; lastKnownFileType = file; path = KDBass_a2.caf; sourceTree = "<group>"; };
		CAF26FB42019A50F009C8F91 /* KDBass_c2.caf */ = {isa = PBXFileReference; lastKnownFileType = file; path = KDBass_c2.caf; sourceTree = "<group>"; };
		CAF26FB52019A50F009C8F91 /* KDBass_c3.caf */ = {isa = PBXFileReference; lastKnownFileType = file; path = KDBass_c3.caf; sourceTree = "<group>"; };
		CAF26FB62019A50F009C8F91 /* KDBass_e1.caf */ = {isa = PBXFileReference; lastKnownFileType = file; path = KDBass_e1.caf; sourceTree = "<group>"; };
		CAF26FB72019A50F009C8F91 /* KDBass_f2.caf */ = {isa = PBXFileReference; lastKnownFileType = file; path = KDBass_f2.caf; sourceTree = "<group>"; };
		CAF26FB82019A50F009C8F91 /* KDBass_g1.caf */ = {isa = PBXFileReference; lastKnownFileType = file; path = KDBass_g1.caf; sourceTree = "<group>"; };
		CAF26FBA2019A50F009C8F91 /* drum_hihat.caf */ = {isa = PBXFileReference; lastKnownFileType = file; path = drum_hihat.caf; sourceTree = "<group>"; };
		CAF26FBB2019A50F009C8F91 /* drum_kick.caf */ = {isa = PBXFileReference; lastKnownFileType = file; path = drum_kick.caf; sourceTree = "<group>"; };
		CAF26FBC2019A50F009C8F91 /* drum_sim.caf */ = {isa = PBXFileReference; lastKnownFileType = file; path = drum_sim.caf; sourceTree = "<group>"; };
		CAF26FBD2019A50F009C8F91 /* drum_snare1.caf */ = {isa = PBXFileReference; lastKnownFileType = file; path = drum_snare1.caf; sourceTree = "<group>"; };
		CAF26FBE2019A50F009C8F91 /* drum_snare2.caf */ = {isa = PBXFileReference; lastKnownFileType = file; path = drum_snare2.caf; sourceTree = "<group>"; };
		CAF26FBF2019A50F009C8F91 /* KDDrum.aupreset */ = {isa = PBXFileReference; fileEncoding = 4; lastKnownFileType = text.xml; path = KDDrum.aupreset; sourceTree = "<group>"; };
		CAF26FC12019A50F009C8F91 /* 1a#.caf */ = {isa = PBXFileReference; lastKnownFileType = file; path = "1a#.caf"; sourceTree = "<group>"; };
		CAF26FC22019A50F009C8F91 /* 2a#.caf */ = {isa = PBXFileReference; lastKnownFileType = file; path = "2a#.caf"; sourceTree = "<group>"; };
		CAF26FC32019A50F009C8F91 /* 3a#.caf */ = {isa = PBXFileReference; lastKnownFileType = file; path = "3a#.caf"; sourceTree = "<group>"; };
		CAF26FC42019A50F009C8F91 /* 4g.caf */ = {isa = PBXFileReference; lastKnownFileType = file; path = 4g.caf; sourceTree = "<group>"; };
		CAF26FC52019A50F009C8F91 /* 5e.caf */ = {isa = PBXFileReference; lastKnownFileType = file; path = 5e.caf; sourceTree = "<group>"; };
		CAF26FC62019A50F009C8F91 /* KDPiano.aupreset */ = {isa = PBXFileReference; fileEncoding = 4; lastKnownFileType = text.xml; path = KDPiano.aupreset; sourceTree = "<group>"; };
		CAF26FC82019A50F009C8F91 /* KDString.aupreset */ = {isa = PBXFileReference; fileEncoding = 4; lastKnownFileType = text.xml; path = KDString.aupreset; sourceTree = "<group>"; };
		CAF26FC92019A50F009C8F91 /* string_c2.caf */ = {isa = PBXFileReference; lastKnownFileType = file; path = string_c2.caf; sourceTree = "<group>"; };
		CAF26FCA2019A50F009C8F91 /* string_c3.caf */ = {isa = PBXFileReference; lastKnownFileType = file; path = string_c3.caf; sourceTree = "<group>"; };
		CAF26FCB2019A50F009C8F91 /* string_c4.caf */ = {isa = PBXFileReference; lastKnownFileType = file; path = string_c4.caf; sourceTree = "<group>"; };
		CAF26FCC2019A50F009C8F91 /* string_g2.caf */ = {isa = PBXFileReference; lastKnownFileType = file; path = string_g2.caf; sourceTree = "<group>"; };
		CAF26FCD2019A50F009C8F91 /* string_g3.caf */ = {isa = PBXFileReference; lastKnownFileType = file; path = string_g3.caf; sourceTree = "<group>"; };
		CAF26FCE2019A50F009C8F91 /* string_g4.caf */ = {isa = PBXFileReference; lastKnownFileType = file; path = string_g4.caf; sourceTree = "<group>"; };
		CAF26FD02019A50F009C8F91 /* KDTrumpet.aupreset */ = {isa = PBXFileReference; fileEncoding = 4; lastKnownFileType = text.xml; path = KDTrumpet.aupreset; sourceTree = "<group>"; };
		CAF26FD12019A50F009C8F91 /* KDTrumpet_b2.caf */ = {isa = PBXFileReference; lastKnownFileType = file; path = KDTrumpet_b2.caf; sourceTree = "<group>"; };
		CAF26FD22019A50F009C8F91 /* KDTrumpet_b3.caf */ = {isa = PBXFileReference; lastKnownFileType = file; path = KDTrumpet_b3.caf; sourceTree = "<group>"; };
		CAF26FD32019A50F009C8F91 /* KDTrumpet_d3.caf */ = {isa = PBXFileReference; lastKnownFileType = file; path = KDTrumpet_d3.caf; sourceTree = "<group>"; };
		CAF26FD42019A50F009C8F91 /* KDTrumpet_d4.caf */ = {isa = PBXFileReference; lastKnownFileType = file; path = KDTrumpet_d4.caf; sourceTree = "<group>"; };
		CAF26FD52019A50F009C8F91 /* KDTrumpet_g3.caf */ = {isa = PBXFileReference; lastKnownFileType = file; path = KDTrumpet_g3.caf; sourceTree = "<group>"; };
		CAF26FD62019A50F009C8F91 /* KDTrumpet_g4.caf */ = {isa = PBXFileReference; lastKnownFileType = file; path = KDTrumpet_g4.caf; sourceTree = "<group>"; };
		CAF26FD82019A50F009C8F91 /* KDTuba.aupreset */ = {isa = PBXFileReference; fileEncoding = 4; lastKnownFileType = text.xml; path = KDTuba.aupreset; sourceTree = "<group>"; };
		CAF26FD92019A50F009C8F91 /* Tuba_c3.caf */ = {isa = PBXFileReference; lastKnownFileType = file; path = Tuba_c3.caf; sourceTree = "<group>"; };
		CAF26FDA2019A50F009C8F91 /* Tuba_d2.caf */ = {isa = PBXFileReference; lastKnownFileType = file; path = Tuba_d2.caf; sourceTree = "<group>"; };
		CAF26FDB2019A50F009C8F91 /* Tuba_f2.caf */ = {isa = PBXFileReference; lastKnownFileType = file; path = Tuba_f2.caf; sourceTree = "<group>"; };
		CAF26FDC2019A50F009C8F91 /* Tuba_g1.caf */ = {isa = PBXFileReference; lastKnownFileType = file; path = Tuba_g1.caf; sourceTree = "<group>"; };
		CAF270032019AAED009C8F91 /* KWAudioUnit.framework */ = {isa = PBXFileReference; lastKnownFileType = wrapper.framework; path = KWAudioUnit.framework; sourceTree = "<group>"; };
		CAF270082019C890009C8F91 /* KWMidiDeviceManager.h */ = {isa = PBXFileReference; lastKnownFileType = sourcecode.c.h; path = KWMidiDeviceManager.h; sourceTree = "<group>"; };
		CAF270092019C890009C8F91 /* KWMidiDeviceManager.m */ = {isa = PBXFileReference; lastKnownFileType = sourcecode.c.objc; path = KWMidiDeviceManager.m; sourceTree = "<group>"; };
		CAF2700B201AF143009C8F91 /* KWMidiDevice.h */ = {isa = PBXFileReference; lastKnownFileType = sourcecode.c.h; path = KWMidiDevice.h; sourceTree = "<group>"; };
		CAF2700C201AF143009C8F91 /* KWMidiDevice.m */ = {isa = PBXFileReference; lastKnownFileType = sourcecode.c.objc; path = KWMidiDevice.m; sourceTree = "<group>"; };
		CAF2700E201B19A0009C8F91 /* MidiDeviceController.h */ = {isa = PBXFileReference; lastKnownFileType = sourcecode.c.h; path = MidiDeviceController.h; sourceTree = "<group>"; };
		CAF2700F201B19A0009C8F91 /* MidiDeviceController.m */ = {isa = PBXFileReference; lastKnownFileType = sourcecode.c.objc; path = MidiDeviceController.m; sourceTree = "<group>"; };
		D0FC7D8E902F935AD18EE24D /* Pods-TestSampler.debug.xcconfig */ = {isa = PBXFileReference; includeInIndex = 1; lastKnownFileType = text.xcconfig; name = "Pods-TestSampler.debug.xcconfig"; path = "Pods/Target Support Files/Pods-TestSampler/Pods-TestSampler.debug.xcconfig"; sourceTree = "<group>"; };
/* End PBXFileReference section */

/* Begin PBXFrameworksBuildPhase section */
		CA629C192011863F00502D22 /* Frameworks */ = {
			isa = PBXFrameworksBuildPhase;
			buildActionMask = 2147483647;
			files = (
				CAF270042019AAED009C8F91 /* KWAudioUnit.framework in Frameworks */,
			);
			runOnlyForDeploymentPostprocessing = 0;
		};
/* End PBXFrameworksBuildPhase section */

/* Begin PBXGroup section */
		9156413D7C277A2DCB47239A /* Pods */ = {
			isa = PBXGroup;
			children = (
				D0FC7D8E902F935AD18EE24D /* Pods-TestSampler.debug.xcconfig */,
				54A1C74EACCAB33C7105D3A7 /* Pods-TestSampler.release.xcconfig */,
			);
			name = Pods;
			sourceTree = "<group>";
		};
		A354ACC8A4994E179E757430 /* Frameworks */ = {
			isa = PBXGroup;
			children = (
			);
			name = Frameworks;
			sourceTree = "<group>";
		};
		CA629C132011863F00502D22 = {
			isa = PBXGroup;
			children = (
				CA629C1E2011863F00502D22 /* TestSampler */,
				CA629C1D2011863F00502D22 /* Products */,
				9156413D7C277A2DCB47239A /* Pods */,
				A354ACC8A4994E179E757430 /* Frameworks */,
			);
			sourceTree = "<group>";
		};
		CA629C1D2011863F00502D22 /* Products */ = {
			isa = PBXGroup;
			children = (
				CA629C1C2011863F00502D22 /* TestSampler.app */,
			);
			name = Products;
			sourceTree = "<group>";
		};
		CA629C1E2011863F00502D22 /* TestSampler */ = {
			isa = PBXGroup;
			children = (
				CAF26DF120170622009C8F91 /* Objects */,
				CA629C1F2011863F00502D22 /* AppDelegate.h */,
				CA629C202011863F00502D22 /* AppDelegate.m */,
				CA629C222011863F00502D22 /* ViewController.h */,
				CA629C232011863F00502D22 /* ViewController.m */,
				CA629C252011863F00502D22 /* Assets.xcassets */,
				CA629C272011863F00502D22 /* Main.storyboard */,
				CA629C2A2011863F00502D22 /* Info.plist */,
				CA629C2B2011863F00502D22 /* main.m */,
				CA629C2D2011863F00502D22 /* TestSampler.entitlements */,
				CAF26FA92019A41E009C8F91 /* Support */,
			);
			path = TestSampler;
			sourceTree = "<group>";
		};
		CAF26DF120170622009C8F91 /* Objects */ = {
			isa = PBXGroup;
			children = (
				CAF270072019C86C009C8F91 /* MidiDevice */,
				CAF26DF220170622009C8F91 /* AudioController */,
			);
			path = Objects;
			sourceTree = "<group>";
		};
		CAF26DF220170622009C8F91 /* AudioController */ = {
			isa = PBXGroup;
			children = (
				CAF26E7820180B1C009C8F91 /* AudioController.h */,
				CAF26E7920180B1C009C8F91 /* AudioController.m */,
			);
			path = AudioController;
			sourceTree = "<group>";
		};
		CAF26FA92019A41E009C8F91 /* Support */ = {
			isa = PBXGroup;
			children = (
				CAF26FB02019A50F009C8F91 /* Pressets */,
				CAF26FAA2019A41E009C8F91 /* Frameworks */,
			);
			path = Support;
			sourceTree = "<group>";
		};
		CAF26FAA2019A41E009C8F91 /* Frameworks */ = {
			isa = PBXGroup;
			children = (
				CAF270032019AAED009C8F91 /* KWAudioUnit.framework */,
			);
			path = Frameworks;
			sourceTree = "<group>";
		};
		CAF26FB02019A50F009C8F91 /* Pressets */ = {
			isa = PBXGroup;
			children = (
				CAF26FB12019A50F009C8F91 /* KDBass */,
				CAF26FB92019A50F009C8F91 /* KDDrum */,
				CAF26FC02019A50F009C8F91 /* KDPiano */,
				CAF26FC72019A50F009C8F91 /* KDString */,
				CAF26FCF2019A50F009C8F91 /* KDTrumpet */,
				CAF26FD72019A50F009C8F91 /* KDTuba */,
			);
			path = Pressets;
			sourceTree = "<group>";
		};
		CAF26FB12019A50F009C8F91 /* KDBass */ = {
			isa = PBXGroup;
			children = (
				CAF26FB22019A50F009C8F91 /* KDBass.aupreset */,
				CAF26FB32019A50F009C8F91 /* KDBass_a2.caf */,
				CAF26FB42019A50F009C8F91 /* KDBass_c2.caf */,
				CAF26FB52019A50F009C8F91 /* KDBass_c3.caf */,
				CAF26FB62019A50F009C8F91 /* KDBass_e1.caf */,
				CAF26FB72019A50F009C8F91 /* KDBass_f2.caf */,
				CAF26FB82019A50F009C8F91 /* KDBass_g1.caf */,
			);
			path = KDBass;
			sourceTree = "<group>";
		};
		CAF26FB92019A50F009C8F91 /* KDDrum */ = {
			isa = PBXGroup;
			children = (
				CAF26FBA2019A50F009C8F91 /* drum_hihat.caf */,
				CAF26FBB2019A50F009C8F91 /* drum_kick.caf */,
				CAF26FBC2019A50F009C8F91 /* drum_sim.caf */,
				CAF26FBD2019A50F009C8F91 /* drum_snare1.caf */,
				CAF26FBE2019A50F009C8F91 /* drum_snare2.caf */,
				CAF26FBF2019A50F009C8F91 /* KDDrum.aupreset */,
			);
			path = KDDrum;
			sourceTree = "<group>";
		};
		CAF26FC02019A50F009C8F91 /* KDPiano */ = {
			isa = PBXGroup;
			children = (
				CAF26FC12019A50F009C8F91 /* 1a#.caf */,
				CAF26FC22019A50F009C8F91 /* 2a#.caf */,
				CAF26FC32019A50F009C8F91 /* 3a#.caf */,
				CAF26FC42019A50F009C8F91 /* 4g.caf */,
				CAF26FC52019A50F009C8F91 /* 5e.caf */,
				CAF26FC62019A50F009C8F91 /* KDPiano.aupreset */,
			);
			path = KDPiano;
			sourceTree = "<group>";
		};
		CAF26FC72019A50F009C8F91 /* KDString */ = {
			isa = PBXGroup;
			children = (
				CAF26FC82019A50F009C8F91 /* KDString.aupreset */,
				CAF26FC92019A50F009C8F91 /* string_c2.caf */,
				CAF26FCA2019A50F009C8F91 /* string_c3.caf */,
				CAF26FCB2019A50F009C8F91 /* string_c4.caf */,
				CAF26FCC2019A50F009C8F91 /* string_g2.caf */,
				CAF26FCD2019A50F009C8F91 /* string_g3.caf */,
				CAF26FCE2019A50F009C8F91 /* string_g4.caf */,
			);
			path = KDString;
			sourceTree = "<group>";
		};
		CAF26FCF2019A50F009C8F91 /* KDTrumpet */ = {
			isa = PBXGroup;
			children = (
				CAF26FD02019A50F009C8F91 /* KDTrumpet.aupreset */,
				CAF26FD12019A50F009C8F91 /* KDTrumpet_b2.caf */,
				CAF26FD22019A50F009C8F91 /* KDTrumpet_b3.caf */,
				CAF26FD32019A50F009C8F91 /* KDTrumpet_d3.caf */,
				CAF26FD42019A50F009C8F91 /* KDTrumpet_d4.caf */,
				CAF26FD52019A50F009C8F91 /* KDTrumpet_g3.caf */,
				CAF26FD62019A50F009C8F91 /* KDTrumpet_g4.caf */,
			);
			path = KDTrumpet;
			sourceTree = "<group>";
		};
		CAF26FD72019A50F009C8F91 /* KDTuba */ = {
			isa = PBXGroup;
			children = (
				CAF26FD82019A50F009C8F91 /* KDTuba.aupreset */,
				CAF26FD92019A50F009C8F91 /* Tuba_c3.caf */,
				CAF26FDA2019A50F009C8F91 /* Tuba_d2.caf */,
				CAF26FDB2019A50F009C8F91 /* Tuba_f2.caf */,
				CAF26FDC2019A50F009C8F91 /* Tuba_g1.caf */,
			);
			path = KDTuba;
			sourceTree = "<group>";
		};
		CAF270072019C86C009C8F91 /* MidiDevice */ = {
			isa = PBXGroup;
			children = (
				CAF270082019C890009C8F91 /* KWMidiDeviceManager.h */,
				CAF270092019C890009C8F91 /* KWMidiDeviceManager.m */,
				CAF2700B201AF143009C8F91 /* KWMidiDevice.h */,
				CAF2700C201AF143009C8F91 /* KWMidiDevice.m */,
				CAF2700E201B19A0009C8F91 /* MidiDeviceController.h */,
				CAF2700F201B19A0009C8F91 /* MidiDeviceController.m */,
			);
			path = MidiDevice;
			sourceTree = "<group>";
		};
/* End PBXGroup section */

/* Begin PBXNativeTarget section */
		CA629C1B2011863F00502D22 /* TestSampler */ = {
			isa = PBXNativeTarget;
			buildConfigurationList = CA629C302011863F00502D22 /* Build configuration list for PBXNativeTarget "TestSampler" */;
			buildPhases = (
				3B6D709F717D6C0CDF89117A /* [CP] Check Pods Manifest.lock */,
				CA629C182011863F00502D22 /* Sources */,
				CA629C192011863F00502D22 /* Frameworks */,
				CA629C1A2011863F00502D22 /* Resources */,
				C9DE33A528427DED521207FF /* [CP] Embed Pods Frameworks */,
				4D94B578803303C61E44A6DB /* [CP] Copy Pods Resources */,
				CAF26FAF2019A466009C8F91 /* Embed Frameworks */,
			);
			buildRules = (
			);
			dependencies = (
			);
			name = TestSampler;
			productName = TestSampler;
			productReference = CA629C1C2011863F00502D22 /* TestSampler.app */;
			productType = "com.apple.product-type.application";
		};
/* End PBXNativeTarget section */

/* Begin PBXProject section */
		CA629C142011863F00502D22 /* Project object */ = {
			isa = PBXProject;
			attributes = {
				LastUpgradeCheck = 0920;
				ORGANIZATIONNAME = Fermata;
				TargetAttributes = {
					CA629C1B2011863F00502D22 = {
						CreatedOnToolsVersion = 9.2;
						ProvisioningStyle = Automatic;
					};
				};
			};
			buildConfigurationList = CA629C172011863F00502D22 /* Build configuration list for PBXProject "TestSampler" */;
			compatibilityVersion = "Xcode 8.0";
			developmentRegion = en;
			hasScannedForEncodings = 0;
			knownRegions = (
				en,
				Base,
			);
			mainGroup = CA629C132011863F00502D22;
			productRefGroup = CA629C1D2011863F00502D22 /* Products */;
			projectDirPath = "";
			projectRoot = "";
			targets = (
				CA629C1B2011863F00502D22 /* TestSampler */,
			);
		};
/* End PBXProject section */

/* Begin PBXResourcesBuildPhase section */
		CA629C1A2011863F00502D22 /* Resources */ = {
			isa = PBXResourcesBuildPhase;
			buildActionMask = 2147483647;
			files = (
				CAF26FEE2019A50F009C8F91 /* 5e.caf in Resources */,
				CAF26FE62019A50F009C8F91 /* drum_sim.caf in Resources */,
				CAF26FF62019A50F009C8F91 /* string_g4.caf in Resources */,
				CAF26FE02019A50F009C8F91 /* KDBass_c3.caf in Resources */,
				CAF270002019A50F009C8F91 /* Tuba_d2.caf in Resources */,
				CAF26FED2019A50F009C8F91 /* 4g.caf in Resources */,
				CAF26FE92019A50F009C8F91 /* KDDrum.aupreset in Resources */,
				CAF26FE12019A50F009C8F91 /* KDBass_e1.caf in Resources */,
				CAF270012019A50F009C8F91 /* Tuba_f2.caf in Resources */,
				CAF26FEA2019A50F009C8F91 /* 1a#.caf in Resources */,
				CAF26FEB2019A50F009C8F91 /* 2a#.caf in Resources */,
				CAF26FF32019A50F009C8F91 /* string_c4.caf in Resources */,
				CAF26FF02019A50F009C8F91 /* KDString.aupreset in Resources */,
				CAF26FEC2019A50F009C8F91 /* 3a#.caf in Resources */,
				CAF26FE72019A50F009C8F91 /* drum_snare1.caf in Resources */,
				CAF26FF92019A50F009C8F91 /* KDTrumpet_b3.caf in Resources */,
				CAF26FFD2019A50F009C8F91 /* KDTrumpet_g4.caf in Resources */,
				CAF26FF72019A50F009C8F91 /* KDTrumpet.aupreset in Resources */,
				CAF26FF12019A50F009C8F91 /* string_c2.caf in Resources */,
				CAF26FDD2019A50F009C8F91 /* KDBass.aupreset in Resources */,
				CAF26FE52019A50F009C8F91 /* drum_kick.caf in Resources */,
				CAF26FE32019A50F009C8F91 /* KDBass_g1.caf in Resources */,
				CAF270022019A50F009C8F91 /* Tuba_g1.caf in Resources */,
				CAF26FFB2019A50F009C8F91 /* KDTrumpet_d4.caf in Resources */,
				CA629C262011863F00502D22 /* Assets.xcassets in Resources */,
				CAF26FF82019A50F009C8F91 /* KDTrumpet_b2.caf in Resources */,
				CAF26FEF2019A50F009C8F91 /* KDPiano.aupreset in Resources */,
				CAF26FF42019A50F009C8F91 /* string_g2.caf in Resources */,
				CAF26FFF2019A50F009C8F91 /* Tuba_c3.caf in Resources */,
				CAF26FF22019A50F009C8F91 /* string_c3.caf in Resources */,
				CAF26FE42019A50F009C8F91 /* drum_hihat.caf in Resources */,
				CAF26FE82019A50F009C8F91 /* drum_snare2.caf in Resources */,
				CAF26FFC2019A50F009C8F91 /* KDTrumpet_g3.caf in Resources */,
				CAF26FFE2019A50F009C8F91 /* KDTuba.aupreset in Resources */,
				CAF26FE22019A50F009C8F91 /* KDBass_f2.caf in Resources */,
				CAF26FF52019A50F009C8F91 /* string_g3.caf in Resources */,
				CAF26FDF2019A50F009C8F91 /* KDBass_c2.caf in Resources */,
				CA629C292011863F00502D22 /* Main.storyboard in Resources */,
				CAF26FFA2019A50F009C8F91 /* KDTrumpet_d3.caf in Resources */,
				CAF26FDE2019A50F009C8F91 /* KDBass_a2.caf in Resources */,
			);
			runOnlyForDeploymentPostprocessing = 0;
		};
/* End PBXResourcesBuildPhase section */

/* Begin PBXShellScriptBuildPhase section */
		3B6D709F717D6C0CDF89117A /* [CP] Check Pods Manifest.lock */ = {
			isa = PBXShellScriptBuildPhase;
			buildActionMask = 2147483647;
			files = (
			);
			inputPaths = (
				"${PODS_PODFILE_DIR_PATH}/Podfile.lock",
				"${PODS_ROOT}/Manifest.lock",
			);
			name = "[CP] Check Pods Manifest.lock";
			outputPaths = (
				"$(DERIVED_FILE_DIR)/Pods-TestSampler-checkManifestLockResult.txt",
			);
			runOnlyForDeploymentPostprocessing = 0;
			shellPath = /bin/sh;
			shellScript = "diff \"${PODS_PODFILE_DIR_PATH}/Podfile.lock\" \"${PODS_ROOT}/Manifest.lock\" > /dev/null\nif [ $? != 0 ] ; then\n    # print error to STDERR\n    echo \"error: The sandbox is not in sync with the Podfile.lock. Run 'pod install' or update your CocoaPods installation.\" >&2\n    exit 1\nfi\n# This output is used by Xcode 'outputs' to avoid re-running this script phase.\necho \"SUCCESS\" > \"${SCRIPT_OUTPUT_FILE_0}\"\n";
			showEnvVarsInLog = 0;
		};
		4D94B578803303C61E44A6DB /* [CP] Copy Pods Resources */ = {
			isa = PBXShellScriptBuildPhase;
			buildActionMask = 2147483647;
			files = (
			);
			inputPaths = (
			);
			name = "[CP] Copy Pods Resources";
			outputPaths = (
			);
			runOnlyForDeploymentPostprocessing = 0;
			shellPath = /bin/sh;
			shellScript = "\"${SRCROOT}/Pods/Target Support Files/Pods-TestSampler/Pods-TestSampler-resources.sh\"\n";
			showEnvVarsInLog = 0;
		};
		C9DE33A528427DED521207FF /* [CP] Embed Pods Frameworks */ = {
			isa = PBXShellScriptBuildPhase;
			buildActionMask = 2147483647;
			files = (
			);
			inputPaths = (
			);
			name = "[CP] Embed Pods Frameworks";
			outputPaths = (
			);
			runOnlyForDeploymentPostprocessing = 0;
			shellPath = /bin/sh;
			shellScript = "\"${SRCROOT}/Pods/Target Support Files/Pods-TestSampler/Pods-TestSampler-frameworks.sh\"\n";
			showEnvVarsInLog = 0;
		};
/* End PBXShellScriptBuildPhase section */

/* Begin PBXSourcesBuildPhase section */
		CA629C182011863F00502D22 /* Sources */ = {
			isa = PBXSourcesBuildPhase;
			buildActionMask = 2147483647;
			files = (
				CAF2700D201AF143009C8F91 /* KWMidiDevice.m in Sources */,
				CAF26E7A20180B1C009C8F91 /* AudioController.m in Sources */,
				CAF27010201B19A0009C8F91 /* MidiDeviceController.m in Sources */,
				CAF2700A2019C890009C8F91 /* KWMidiDeviceManager.m in Sources */,
				CA629C242011863F00502D22 /* ViewController.m in Sources */,
				CA629C2C2011863F00502D22 /* main.m in Sources */,
				CA629C212011863F00502D22 /* AppDelegate.m in Sources */,
			);
			runOnlyForDeploymentPostprocessing = 0;
		};
/* End PBXSourcesBuildPhase section */

/* Begin PBXVariantGroup section */
		CA629C272011863F00502D22 /* Main.storyboard */ = {
			isa = PBXVariantGroup;
			children = (
				CA629C282011863F00502D22 /* Base */,
			);
			name = Main.storyboard;
			sourceTree = "<group>";
		};
/* End PBXVariantGroup section */

/* Begin XCBuildConfiguration section */
		CA629C2E2011863F00502D22 /* Debug */ = {
			isa = XCBuildConfiguration;
			buildSettings = {
				ALWAYS_SEARCH_USER_PATHS = NO;
				CLANG_ANALYZER_NONNULL = YES;
				CLANG_ANALYZER_NUMBER_OBJECT_CONVERSION = YES_AGGRESSIVE;
				CLANG_CXX_LANGUAGE_STANDARD = "gnu++14";
				CLANG_CXX_LIBRARY = "libc++";
				CLANG_ENABLE_MODULES = YES;
				CLANG_ENABLE_OBJC_ARC = YES;
				CLANG_WARN_BLOCK_CAPTURE_AUTORELEASING = YES;
				CLANG_WARN_BOOL_CONVERSION = YES;
				CLANG_WARN_COMMA = YES;
				CLANG_WARN_CONSTANT_CONVERSION = YES;
				CLANG_WARN_DIRECT_OBJC_ISA_USAGE = YES_ERROR;
				CLANG_WARN_DOCUMENTATION_COMMENTS = YES;
				CLANG_WARN_EMPTY_BODY = YES;
				CLANG_WARN_ENUM_CONVERSION = YES;
				CLANG_WARN_INFINITE_RECURSION = YES;
				CLANG_WARN_INT_CONVERSION = YES;
				CLANG_WARN_NON_LITERAL_NULL_CONVERSION = YES;
				CLANG_WARN_OBJC_LITERAL_CONVERSION = YES;
				CLANG_WARN_OBJC_ROOT_CLASS = YES_ERROR;
				CLANG_WARN_RANGE_LOOP_ANALYSIS = YES;
				CLANG_WARN_STRICT_PROTOTYPES = YES;
				CLANG_WARN_SUSPICIOUS_MOVE = YES;
				CLANG_WARN_UNGUARDED_AVAILABILITY = YES_AGGRESSIVE;
				CLANG_WARN_UNREACHABLE_CODE = YES;
				CLANG_WARN__DUPLICATE_METHOD_MATCH = YES;
				CODE_SIGN_IDENTITY = "Mac Developer";
				COPY_PHASE_STRIP = NO;
				DEBUG_INFORMATION_FORMAT = dwarf;
				ENABLE_STRICT_OBJC_MSGSEND = YES;
				ENABLE_TESTABILITY = YES;
				GCC_C_LANGUAGE_STANDARD = gnu11;
				GCC_DYNAMIC_NO_PIC = NO;
				GCC_NO_COMMON_BLOCKS = YES;
				GCC_OPTIMIZATION_LEVEL = 0;
				GCC_PREPROCESSOR_DEFINITIONS = (
					"DEBUG=1",
					"$(inherited)",
				);
				GCC_WARN_64_TO_32_BIT_CONVERSION = YES;
				GCC_WARN_ABOUT_RETURN_TYPE = YES_ERROR;
				GCC_WARN_UNDECLARED_SELECTOR = YES;
				GCC_WARN_UNINITIALIZED_AUTOS = YES_AGGRESSIVE;
				GCC_WARN_UNUSED_FUNCTION = YES;
				GCC_WARN_UNUSED_VARIABLE = YES;
				MACOSX_DEPLOYMENT_TARGET = 10.13;
				MTL_ENABLE_DEBUG_INFO = YES;
				ONLY_ACTIVE_ARCH = YES;
				SDKROOT = macosx;
			};
			name = Debug;
		};
		CA629C2F2011863F00502D22 /* Release */ = {
			isa = XCBuildConfiguration;
			buildSettings = {
				ALWAYS_SEARCH_USER_PATHS = NO;
				CLANG_ANALYZER_NONNULL = YES;
				CLANG_ANALYZER_NUMBER_OBJECT_CONVERSION = YES_AGGRESSIVE;
				CLANG_CXX_LANGUAGE_STANDARD = "gnu++14";
				CLANG_CXX_LIBRARY = "libc++";
				CLANG_ENABLE_MODULES = YES;
				CLANG_ENABLE_OBJC_ARC = YES;
				CLANG_WARN_BLOCK_CAPTURE_AUTORELEASING = YES;
				CLANG_WARN_BOOL_CONVERSION = YES;
				CLANG_WARN_COMMA = YES;
				CLANG_WARN_CONSTANT_CONVERSION = YES;
				CLANG_WARN_DIRECT_OBJC_ISA_USAGE = YES_ERROR;
				CLANG_WARN_DOCUMENTATION_COMMENTS = YES;
				CLANG_WARN_EMPTY_BODY = YES;
				CLANG_WARN_ENUM_CONVERSION = YES;
				CLANG_WARN_INFINITE_RECURSION = YES;
				CLANG_WARN_INT_CONVERSION = YES;
				CLANG_WARN_NON_LITERAL_NULL_CONVERSION = YES;
				CLANG_WARN_OBJC_LITERAL_CONVERSION = YES;
				CLANG_WARN_OBJC_ROOT_CLASS = YES_ERROR;
				CLANG_WARN_RANGE_LOOP_ANALYSIS = YES;
				CLANG_WARN_STRICT_PROTOTYPES = YES;
				CLANG_WARN_SUSPICIOUS_MOVE = YES;
				CLANG_WARN_UNGUARDED_AVAILABILITY = YES_AGGRESSIVE;
				CLANG_WARN_UNREACHABLE_CODE = YES;
				CLANG_WARN__DUPLICATE_METHOD_MATCH = YES;
				CODE_SIGN_IDENTITY = "Mac Developer";
				COPY_PHASE_STRIP = NO;
				DEBUG_INFORMATION_FORMAT = "dwarf-with-dsym";
				ENABLE_NS_ASSERTIONS = NO;
				ENABLE_STRICT_OBJC_MSGSEND = YES;
				GCC_C_LANGUAGE_STANDARD = gnu11;
				GCC_NO_COMMON_BLOCKS = YES;
				GCC_WARN_64_TO_32_BIT_CONVERSION = YES;
				GCC_WARN_ABOUT_RETURN_TYPE = YES_ERROR;
				GCC_WARN_UNDECLARED_SELECTOR = YES;
				GCC_WARN_UNINITIALIZED_AUTOS = YES_AGGRESSIVE;
				GCC_WARN_UNUSED_FUNCTION = YES;
				GCC_WARN_UNUSED_VARIABLE = YES;
				MACOSX_DEPLOYMENT_TARGET = 10.13;
				MTL_ENABLE_DEBUG_INFO = NO;
				SDKROOT = macosx;
			};
			name = Release;
		};
		CA629C312011863F00502D22 /* Debug */ = {
			isa = XCBuildConfiguration;
			baseConfigurationReference = D0FC7D8E902F935AD18EE24D /* Pods-TestSampler.debug.xcconfig */;
			buildSettings = {
				ASSETCATALOG_COMPILER_APPICON_NAME = AppIcon;
				CODE_SIGN_ENTITLEMENTS = TestSampler/TestSampler.entitlements;
				CODE_SIGN_STYLE = Automatic;
				COMBINE_HIDPI_IMAGES = YES;
				DEVELOPMENT_TEAM = HXU23UYV46;
				FRAMEWORK_SEARCH_PATHS = (
					"$(inherited)",
					"$(PROJECT_DIR)",
					"$(PROJECT_DIR)/TestSampler/Support/Frameworks",
				);
				INFOPLIST_FILE = TestSampler/Info.plist;
				LD_RUNPATH_SEARCH_PATHS = "$(inherited) @executable_path/../Frameworks";
				PRODUCT_BUNDLE_IDENTIFIER = com.Fermata.dev.TestSampler;
				PRODUCT_NAME = "$(TARGET_NAME)";
			};
			name = Debug;
		};
		CA629C322011863F00502D22 /* Release */ = {
			isa = XCBuildConfiguration;
			baseConfigurationReference = 54A1C74EACCAB33C7105D3A7 /* Pods-TestSampler.release.xcconfig */;
			buildSettings = {
				ASSETCATALOG_COMPILER_APPICON_NAME = AppIcon;
				CODE_SIGN_ENTITLEMENTS = TestSampler/TestSampler.entitlements;
				CODE_SIGN_STYLE = Automatic;
				COMBINE_HIDPI_IMAGES = YES;
				DEVELOPMENT_TEAM = HXU23UYV46;
				FRAMEWORK_SEARCH_PATHS = (
					"$(inherited)",
					"$(PROJECT_DIR)",
					"$(PROJECT_DIR)/TestSampler/Support/Frameworks",
				);
				INFOPLIST_FILE = TestSampler/Info.plist;
				LD_RUNPATH_SEARCH_PATHS = "$(inherited) @executable_path/../Frameworks";
				PRODUCT_BUNDLE_IDENTIFIER = com.Fermata.dev.TestSampler;
				PRODUCT_NAME = "$(TARGET_NAME)";
			};
			name = Release;
		};
/* End XCBuildConfiguration section */

/* Begin XCConfigurationList section */
		CA629C172011863F00502D22 /* Build configuration list for PBXProject "TestSampler" */ = {
			isa = XCConfigurationList;
			buildConfigurations = (
				CA629C2E2011863F00502D22 /* Debug */,
				CA629C2F2011863F00502D22 /* Release */,
			);
			defaultConfigurationIsVisible = 0;
			defaultConfigurationName = Release;
		};
		CA629C302011863F00502D22 /* Build configuration list for PBXNativeTarget "TestSampler" */ = {
			isa = XCConfigurationList;
			buildConfigurations = (
				CA629C312011863F00502D22 /* Debug */,
				CA629C322011863F00502D22 /* Release */,
			);
			defaultConfigurationIsVisible = 0;
			defaultConfigurationName = Release;
		};
/* End XCConfigurationList section */
	};
	rootObject = CA629C142011863F00502D22 /* Project object */;
}
