// !$*UTF8*$!
{
	archiveVersion = 1;
	classes = {
	};
	objectVersion = 50;
	objects = {

/* Begin PBXBuildFile section */
		89B76587230237B0003D7D4E /* AppDelegate.swift in Sources */ = {isa = PBXBuildFile; fileRef = 89B76586230237B0003D7D4E /* AppDelegate.swift */; };
		89B76589230237B0003D7D4E /* ViewController.swift in Sources */ = {isa = PBXBuildFile; fileRef = 89B76588230237B0003D7D4E /* ViewController.swift */; };
		89B7658C230237B0003D7D4E /* Main.storyboard in Resources */ = {isa = PBXBuildFile; fileRef = 89B7658A230237B0003D7D4E /* Main.storyboard */; };
		89B7658E230237B1003D7D4E /* Assets.xcassets in Resources */ = {isa = PBXBuildFile; fileRef = 89B7658D230237B1003D7D4E /* Assets.xcassets */; };
		89B76591230237B1003D7D4E /* LaunchScreen.storyboard in Resources */ = {isa = PBXBuildFile; fileRef = 89B7658F230237B1003D7D4E /* LaunchScreen.storyboard */; };
		89B7659C230237E3003D7D4E /* FRAudioEngine.swift in Sources */ = {isa = PBXBuildFile; fileRef = 89B7659B230237E3003D7D4E /* FRAudioEngine.swift */; };
		89B7659E23023CAF003D7D4E /* FRSamplerNode.swift in Sources */ = {isa = PBXBuildFile; fileRef = 89B7659D23023CAF003D7D4E /* FRSamplerNode.swift */; };
		89B765A023023CE3003D7D4E /* FRNode.swift in Sources */ = {isa = PBXBuildFile; fileRef = 89B7659F23023CE3003D7D4E /* FRNode.swift */; };
		89B765A223024807003D7D4E /* FRAUPresetLoader.swift in Sources */ = {isa = PBXBuildFile; fileRef = 89B765A123024807003D7D4E /* FRAUPresetLoader.swift */; };
		89B765A5230249BE003D7D4E /* FRMixerNode.swift in Sources */ = {isa = PBXBuildFile; fileRef = 89B765A4230249BE003D7D4E /* FRMixerNode.swift */; };
		89B765A723024ADE003D7D4E /* MixerTestViewController.swift in Sources */ = {isa = PBXBuildFile; fileRef = 89B765A623024ADE003D7D4E /* MixerTestViewController.swift */; };
		89D9F50623027A2F008DA4D2 /* FRReverbNode.swift in Sources */ = {isa = PBXBuildFile; fileRef = 89D9F50523027A2F008DA4D2 /* FRReverbNode.swift */; };
		89D9F50823027B1D008DA4D2 /* ReverbTestViewController.swift in Sources */ = {isa = PBXBuildFile; fileRef = 89D9F50723027B1D008DA4D2 /* ReverbTestViewController.swift */; };
		89D9F50A2302879F008DA4D2 /* FRAnalizeAudioUnit.swift in Sources */ = {isa = PBXBuildFile; fileRef = 89D9F5092302879F008DA4D2 /* FRAnalizeAudioUnit.swift */; };
/* End PBXBuildFile section */

/* Begin PBXFileReference section */
		89B76583230237B0003D7D4E /* FRAudioEngine.app */ = {isa = PBXFileReference; explicitFileType = wrapper.application; includeInIndex = 0; path = FRAudioEngine.app; sourceTree = BUILT_PRODUCTS_DIR; };
		89B76586230237B0003D7D4E /* AppDelegate.swift */ = {isa = PBXFileReference; lastKnownFileType = sourcecode.swift; path = AppDelegate.swift; sourceTree = "<group>"; };
		89B76588230237B0003D7D4E /* ViewController.swift */ = {isa = PBXFileReference; lastKnownFileType = sourcecode.swift; path = ViewController.swift; sourceTree = "<group>"; };
		89B7658B230237B0003D7D4E /* Base */ = {isa = PBXFileReference; lastKnownFileType = file.storyboard; name = Base; path = Base.lproj/Main.storyboard; sourceTree = "<group>"; };
		89B7658D230237B1003D7D4E /* Assets.xcassets */ = {isa = PBXFileReference; lastKnownFileType = folder.assetcatalog; path = Assets.xcassets; sourceTree = "<group>"; };
		89B76590230237B1003D7D4E /* Base */ = {isa = PBXFileReference; lastKnownFileType = file.storyboard; name = Base; path = Base.lproj/LaunchScreen.storyboard; sourceTree = "<group>"; };
		89B76592230237B1003D7D4E /* Info.plist */ = {isa = PBXFileReference; lastKnownFileType = text.plist.xml; path = Info.plist; sourceTree = "<group>"; };
		89B7659B230237E3003D7D4E /* FRAudioEngine.swift */ = {isa = PBXFileReference; lastKnownFileType = sourcecode.swift; path = FRAudioEngine.swift; sourceTree = "<group>"; };
		89B7659D23023CAF003D7D4E /* FRSamplerNode.swift */ = {isa = PBXFileReference; lastKnownFileType = sourcecode.swift; path = FRSamplerNode.swift; sourceTree = "<group>"; };
		89B7659F23023CE3003D7D4E /* FRNode.swift */ = {isa = PBXFileReference; lastKnownFileType = sourcecode.swift; path = FRNode.swift; sourceTree = "<group>"; };
		89B765A123024807003D7D4E /* FRAUPresetLoader.swift */ = {isa = PBXFileReference; fileEncoding = 4; lastKnownFileType = sourcecode.swift; path = FRAUPresetLoader.swift; sourceTree = "<group>"; };
		89B765A4230249BE003D7D4E /* FRMixerNode.swift */ = {isa = PBXFileReference; lastKnownFileType = sourcecode.swift; path = FRMixerNode.swift; sourceTree = "<group>"; };
		89B765A623024ADE003D7D4E /* MixerTestViewController.swift */ = {isa = PBXFileReference; lastKnownFileType = sourcecode.swift; path = MixerTestViewController.swift; sourceTree = "<group>"; };
		89D9F50523027A2F008DA4D2 /* FRReverbNode.swift */ = {isa = PBXFileReference; lastKnownFileType = sourcecode.swift; path = FRReverbNode.swift; sourceTree = "<group>"; };
		89D9F50723027B1D008DA4D2 /* ReverbTestViewController.swift */ = {isa = PBXFileReference; lastKnownFileType = sourcecode.swift; path = ReverbTestViewController.swift; sourceTree = "<group>"; };
		89D9F5092302879F008DA4D2 /* FRAnalizeAudioUnit.swift */ = {isa = PBXFileReference; lastKnownFileType = sourcecode.swift; path = FRAnalizeAudioUnit.swift; sourceTree = "<group>"; };
/* End PBXFileReference section */

/* Begin PBXFrameworksBuildPhase section */
		89B76580230237B0003D7D4E /* Frameworks */ = {
			isa = PBXFrameworksBuildPhase;
			buildActionMask = 2147483647;
			files = (
			);
			runOnlyForDeploymentPostprocessing = 0;
		};
/* End PBXFrameworksBuildPhase section */

/* Begin PBXGroup section */
		89B7657A230237B0003D7D4E = {
			isa = PBXGroup;
			children = (
				89B76585230237B0003D7D4E /* FRAudioEngine */,
				89B76584230237B0003D7D4E /* Products */,
			);
			sourceTree = "<group>";
		};
		89B76584230237B0003D7D4E /* Products */ = {
			isa = PBXGroup;
			children = (
				89B76583230237B0003D7D4E /* FRAudioEngine.app */,
			);
			name = Products;
			sourceTree = "<group>";
		};
		89B76585230237B0003D7D4E /* FRAudioEngine */ = {
			isa = PBXGroup;
			children = (
				89B76599230237BC003D7D4E /* Lib */,
				89B76598230237B6003D7D4E /* ViewControllers */,
				89B76586230237B0003D7D4E /* AppDelegate.swift */,
				89B7659A230237C4003D7D4E /* StoryBoard */,
				89B7658D230237B1003D7D4E /* Assets.xcassets */,
				89B76592230237B1003D7D4E /* Info.plist */,
			);
			path = FRAudioEngine;
			sourceTree = "<group>";
		};
		89B76598230237B6003D7D4E /* ViewControllers */ = {
			isa = PBXGroup;
			children = (
				89B76588230237B0003D7D4E /* ViewController.swift */,
				89B765A623024ADE003D7D4E /* MixerTestViewController.swift */,
				89D9F50723027B1D008DA4D2 /* ReverbTestViewController.swift */,
			);
			path = ViewControllers;
			sourceTree = "<group>";
		};
		89B76599230237BC003D7D4E /* Lib */ = {
			isa = PBXGroup;
			children = (
				89B765A32302498A003D7D4E /* Node */,
				89B765A123024807003D7D4E /* FRAUPresetLoader.swift */,
				89B7659B230237E3003D7D4E /* FRAudioEngine.swift */,
				89D9F5092302879F008DA4D2 /* FRAnalizeAudioUnit.swift */,
			);
			path = Lib;
			sourceTree = "<group>";
		};
		89B7659A230237C4003D7D4E /* StoryBoard */ = {
			isa = PBXGroup;
			children = (
				89B7658F230237B1003D7D4E /* LaunchScreen.storyboard */,
				89B7658A230237B0003D7D4E /* Main.storyboard */,
			);
			path = StoryBoard;
			sourceTree = "<group>";
		};
		89B765A32302498A003D7D4E /* Node */ = {
			isa = PBXGroup;
			children = (
				89B7659F23023CE3003D7D4E /* FRNode.swift */,
				89B7659D23023CAF003D7D4E /* FRSamplerNode.swift */,
				89B765A4230249BE003D7D4E /* FRMixerNode.swift */,
				89D9F50523027A2F008DA4D2 /* FRReverbNode.swift */,
			);
			path = Node;
			sourceTree = "<group>";
		};
/* End PBXGroup section */

/* Begin PBXNativeTarget section */
		89B76582230237B0003D7D4E /* FRAudioEngine */ = {
			isa = PBXNativeTarget;
			buildConfigurationList = 89B76595230237B1003D7D4E /* Build configuration list for PBXNativeTarget "FRAudioEngine" */;
			buildPhases = (
				89B7657F230237B0003D7D4E /* Sources */,
				89B76580230237B0003D7D4E /* Frameworks */,
				89B76581230237B0003D7D4E /* Resources */,
			);
			buildRules = (
			);
			dependencies = (
			);
			name = FRAudioEngine;
			productName = FRAudioEngine;
			productReference = 89B76583230237B0003D7D4E /* FRAudioEngine.app */;
			productType = "com.apple.product-type.application";
		};
/* End PBXNativeTarget section */

/* Begin PBXProject section */
		89B7657B230237B0003D7D4E /* Project object */ = {
			isa = PBXProject;
			attributes = {
				LastSwiftUpdateCheck = 1030;
				LastUpgradeCheck = 1030;
				ORGANIZATIONNAME = "강상우";
				TargetAttributes = {
					89B76582230237B0003D7D4E = {
						CreatedOnToolsVersion = 10.3;
					};
				};
			};
			buildConfigurationList = 89B7657E230237B0003D7D4E /* Build configuration list for PBXProject "FRAudioEngine" */;
			compatibilityVersion = "Xcode 9.3";
			developmentRegion = en;
			hasScannedForEncodings = 0;
			knownRegions = (
				en,
				Base,
			);
			mainGroup = 89B7657A230237B0003D7D4E;
			productRefGroup = 89B76584230237B0003D7D4E /* Products */;
			projectDirPath = "";
			projectRoot = "";
			targets = (
				89B76582230237B0003D7D4E /* FRAudioEngine */,
			);
		};
/* End PBXProject section */

/* Begin PBXResourcesBuildPhase section */
		89B76581230237B0003D7D4E /* Resources */ = {
			isa = PBXResourcesBuildPhase;
			buildActionMask = 2147483647;
			files = (
				89B76591230237B1003D7D4E /* LaunchScreen.storyboard in Resources */,
				89B7658E230237B1003D7D4E /* Assets.xcassets in Resources */,
				89B7658C230237B0003D7D4E /* Main.storyboard in Resources */,
			);
			runOnlyForDeploymentPostprocessing = 0;
		};
/* End PBXResourcesBuildPhase section */

/* Begin PBXSourcesBuildPhase section */
		89B7657F230237B0003D7D4E /* Sources */ = {
			isa = PBXSourcesBuildPhase;
			buildActionMask = 2147483647;
			files = (
				89B7659E23023CAF003D7D4E /* FRSamplerNode.swift in Sources */,
				89B76589230237B0003D7D4E /* ViewController.swift in Sources */,
				89D9F50823027B1D008DA4D2 /* ReverbTestViewController.swift in Sources */,
				89B76587230237B0003D7D4E /* AppDelegate.swift in Sources */,
				89B765A023023CE3003D7D4E /* FRNode.swift in Sources */,
				89B765A723024ADE003D7D4E /* MixerTestViewController.swift in Sources */,
				89B7659C230237E3003D7D4E /* FRAudioEngine.swift in Sources */,
				89D9F50623027A2F008DA4D2 /* FRReverbNode.swift in Sources */,
				89D9F50A2302879F008DA4D2 /* FRAnalizeAudioUnit.swift in Sources */,
				89B765A5230249BE003D7D4E /* FRMixerNode.swift in Sources */,
				89B765A223024807003D7D4E /* FRAUPresetLoader.swift in Sources */,
			);
			runOnlyForDeploymentPostprocessing = 0;
		};
/* End PBXSourcesBuildPhase section */

/* Begin PBXVariantGroup section */
		89B7658A230237B0003D7D4E /* Main.storyboard */ = {
			isa = PBXVariantGroup;
			children = (
				89B7658B230237B0003D7D4E /* Base */,
			);
			name = Main.storyboard;
			sourceTree = "<group>";
		};
		89B7658F230237B1003D7D4E /* LaunchScreen.storyboard */ = {
			isa = PBXVariantGroup;
			children = (
				89B76590230237B1003D7D4E /* Base */,
			);
			name = LaunchScreen.storyboard;
			sourceTree = "<group>";
		};
/* End PBXVariantGroup section */

/* Begin XCBuildConfiguration section */
		89B76593230237B1003D7D4E /* Debug */ = {
			isa = XCBuildConfiguration;
			buildSettings = {
				ALWAYS_SEARCH_USER_PATHS = NO;
				CLANG_ANALYZER_NONNULL = YES;
				CLANG_ANALYZER_NUMBER_OBJECT_CONVERSION = YES_AGGRESSIVE;
				CLANG_CXX_LANGUAGE_STANDARD = "gnu++14";
				CLANG_CXX_LIBRARY = "libc++";
				CLANG_ENABLE_MODULES = YES;
				CLANG_ENABLE_OBJC_ARC = YES;
				CLANG_ENABLE_OBJC_WEAK = YES;
				CLANG_WARN_BLOCK_CAPTURE_AUTORELEASING = YES;
				CLANG_WARN_BOOL_CONVERSION = YES;
				CLANG_WARN_COMMA = YES;
				CLANG_WARN_CONSTANT_CONVERSION = YES;
				CLANG_WARN_DEPRECATED_OBJC_IMPLEMENTATIONS = YES;
				CLANG_WARN_DIRECT_OBJC_ISA_USAGE = YES_ERROR;
				CLANG_WARN_DOCUMENTATION_COMMENTS = YES;
				CLANG_WARN_EMPTY_BODY = YES;
				CLANG_WARN_ENUM_CONVERSION = YES;
				CLANG_WARN_INFINITE_RECURSION = YES;
				CLANG_WARN_INT_CONVERSION = YES;
				CLANG_WARN_NON_LITERAL_NULL_CONVERSION = YES;
				CLANG_WARN_OBJC_IMPLICIT_RETAIN_SELF = YES;
				CLANG_WARN_OBJC_LITERAL_CONVERSION = YES;
				CLANG_WARN_OBJC_ROOT_CLASS = YES_ERROR;
				CLANG_WARN_RANGE_LOOP_ANALYSIS = YES;
				CLANG_WARN_STRICT_PROTOTYPES = YES;
				CLANG_WARN_SUSPICIOUS_MOVE = YES;
				CLANG_WARN_UNGUARDED_AVAILABILITY = YES_AGGRESSIVE;
				CLANG_WARN_UNREACHABLE_CODE = YES;
				CLANG_WARN__DUPLICATE_METHOD_MATCH = YES;
				CODE_SIGN_IDENTITY = "iPhone Developer";
				COPY_PHASE_STRIP = NO;
				DEBUG_INFORMATION_FORMAT = dwarf;
				ENABLE_STRICT_OBJC_MSGSEND = YES;
				ENABLE_TESTABILITY = YES;
				GCC_C_LANGUAGE_STANDARD = gnu11;
				GCC_DYNAMIC_NO_PIC = NO;
				GCC_NO_COMMON_BLOCKS = YES;
				GCC_OPTIMIZATION_LEVEL = 0;
				GCC_PREPROCESSOR_DEFINITIONS = (
					"DEBUG=1",
					"$(inherited)",
				);
				GCC_WARN_64_TO_32_BIT_CONVERSION = YES;
				GCC_WARN_ABOUT_RETURN_TYPE = YES_ERROR;
				GCC_WARN_UNDECLARED_SELECTOR = YES;
				GCC_WARN_UNINITIALIZED_AUTOS = YES_AGGRESSIVE;
				GCC_WARN_UNUSED_FUNCTION = YES;
				GCC_WARN_UNUSED_VARIABLE = YES;
				IPHONEOS_DEPLOYMENT_TARGET = 12.4;
				MTL_ENABLE_DEBUG_INFO = INCLUDE_SOURCE;
				MTL_FAST_MATH = YES;
				ONLY_ACTIVE_ARCH = YES;
				SDKROOT = iphoneos;
				SWIFT_ACTIVE_COMPILATION_CONDITIONS = DEBUG;
				SWIFT_OPTIMIZATION_LEVEL = "-Onone";
			};
			name = Debug;
		};
		89B76594230237B1003D7D4E /* Release */ = {
			isa = XCBuildConfiguration;
			buildSettings = {
				ALWAYS_SEARCH_USER_PATHS = NO;
				CLANG_ANALYZER_NONNULL = YES;
				CLANG_ANALYZER_NUMBER_OBJECT_CONVERSION = YES_AGGRESSIVE;
				CLANG_CXX_LANGUAGE_STANDARD = "gnu++14";
				CLANG_CXX_LIBRARY = "libc++";
				CLANG_ENABLE_MODULES = YES;
				CLANG_ENABLE_OBJC_ARC = YES;
				CLANG_ENABLE_OBJC_WEAK = YES;
				CLANG_WARN_BLOCK_CAPTURE_AUTORELEASING = YES;
				CLANG_WARN_BOOL_CONVERSION = YES;
				CLANG_WARN_COMMA = YES;
				CLANG_WARN_CONSTANT_CONVERSION = YES;
				CLANG_WARN_DEPRECATED_OBJC_IMPLEMENTATIONS = YES;
				CLANG_WARN_DIRECT_OBJC_ISA_USAGE = YES_ERROR;
				CLANG_WARN_DOCUMENTATION_COMMENTS = YES;
				CLANG_WARN_EMPTY_BODY = YES;
				CLANG_WARN_ENUM_CONVERSION = YES;
				CLANG_WARN_INFINITE_RECURSION = YES;
				CLANG_WARN_INT_CONVERSION = YES;
				CLANG_WARN_NON_LITERAL_NULL_CONVERSION = YES;
				CLANG_WARN_OBJC_IMPLICIT_RETAIN_SELF = YES;
				CLANG_WARN_OBJC_LITERAL_CONVERSION = YES;
				CLANG_WARN_OBJC_ROOT_CLASS = YES_ERROR;
				CLANG_WARN_RANGE_LOOP_ANALYSIS = YES;
				CLANG_WARN_STRICT_PROTOTYPES = YES;
				CLANG_WARN_SUSPICIOUS_MOVE = YES;
				CLANG_WARN_UNGUARDED_AVAILABILITY = YES_AGGRESSIVE;
				CLANG_WARN_UNREACHABLE_CODE = YES;
				CLANG_WARN__DUPLICATE_METHOD_MATCH = YES;
				CODE_SIGN_IDENTITY = "iPhone Developer";
				COPY_PHASE_STRIP = NO;
				DEBUG_INFORMATION_FORMAT = "dwarf-with-dsym";
				ENABLE_NS_ASSERTIONS = NO;
				ENABLE_STRICT_OBJC_MSGSEND = YES;
				GCC_C_LANGUAGE_STANDARD = gnu11;
				GCC_NO_COMMON_BLOCKS = YES;
				GCC_WARN_64_TO_32_BIT_CONVERSION = YES;
				GCC_WARN_ABOUT_RETURN_TYPE = YES_ERROR;
				GCC_WARN_UNDECLARED_SELECTOR = YES;
				GCC_WARN_UNINITIALIZED_AUTOS = YES_AGGRESSIVE;
				GCC_WARN_UNUSED_FUNCTION = YES;
				GCC_WARN_UNUSED_VARIABLE = YES;
				IPHONEOS_DEPLOYMENT_TARGET = 12.4;
				MTL_ENABLE_DEBUG_INFO = NO;
				MTL_FAST_MATH = YES;
				SDKROOT = iphoneos;
				SWIFT_COMPILATION_MODE = wholemodule;
				SWIFT_OPTIMIZATION_LEVEL = "-O";
				VALIDATE_PRODUCT = YES;
			};
			name = Release;
		};
		89B76596230237B1003D7D4E /* Debug */ = {
			isa = XCBuildConfiguration;
			buildSettings = {
				ASSETCATALOG_COMPILER_APPICON_NAME = AppIcon;
				CODE_SIGN_STYLE = Automatic;
				DEVELOPMENT_TEAM = HXU23UYV46;
				INFOPLIST_FILE = FRAudioEngine/Info.plist;
				IPHONEOS_DEPLOYMENT_TARGET = 12.0;
				LD_RUNPATH_SEARCH_PATHS = (
					"$(inherited)",
					"@executable_path/Frameworks",
				);
				PRODUCT_BUNDLE_IDENTIFIER = com.Fermata.FRAudioEngine;
				PRODUCT_NAME = "$(TARGET_NAME)";
				SWIFT_VERSION = 5.0;
				TARGETED_DEVICE_FAMILY = "1,2";
			};
			name = Debug;
		};
		89B76597230237B1003D7D4E /* Release */ = {
			isa = XCBuildConfiguration;
			buildSettings = {
				ASSETCATALOG_COMPILER_APPICON_NAME = AppIcon;
				CODE_SIGN_STYLE = Automatic;
				DEVELOPMENT_TEAM = HXU23UYV46;
				INFOPLIST_FILE = FRAudioEngine/Info.plist;
				IPHONEOS_DEPLOYMENT_TARGET = 12.0;
				LD_RUNPATH_SEARCH_PATHS = (
					"$(inherited)",
					"@executable_path/Frameworks",
				);
				PRODUCT_BUNDLE_IDENTIFIER = com.Fermata.FRAudioEngine;
				PRODUCT_NAME = "$(TARGET_NAME)";
				SWIFT_VERSION = 5.0;
				TARGETED_DEVICE_FAMILY = "1,2";
			};
			name = Release;
		};
/* End XCBuildConfiguration section */

/* Begin XCConfigurationList section */
		89B7657E230237B0003D7D4E /* Build configuration list for PBXProject "FRAudioEngine" */ = {
			isa = XCConfigurationList;
			buildConfigurations = (
				89B76593230237B1003D7D4E /* Debug */,
				89B76594230237B1003D7D4E /* Release */,
			);
			defaultConfigurationIsVisible = 0;
			defaultConfigurationName = Release;
		};
		89B76595230237B1003D7D4E /* Build configuration list for PBXNativeTarget "FRAudioEngine" */ = {
			isa = XCConfigurationList;
			buildConfigurations = (
				89B76596230237B1003D7D4E /* Debug */,
				89B76597230237B1003D7D4E /* Release */,
			);
			defaultConfigurationIsVisible = 0;
			defaultConfigurationName = Release;
		};
/* End XCConfigurationList section */
	};
	rootObject = 89B7657B230237B0003D7D4E /* Project object */;
}
